
Microsoft Visual Studio Solution File, Format Version 12.00
# Visual Studio Version 17
VisualStudioVersion = 17.10.35004.147
MinimumVisualStudioVersion = 10.0.40219.1
Project("{FAE04EC0-301F-11D3-BF4B-00C04F79EFBC}") = "EmprestimoLivros", "EmprestimoLivros\EmprestimoLivros.csproj", "{3C2050C0-D6D5-4BA5-B48D-95DCF6A50798}"
EndProject
Global
	GlobalSection(SolutionConfigurationPlatforms) = preSolution
		Debug|Any CPU = Debug|Any CPU
		Release|Any CPU = Release|Any CPU
	EndGlobalSection
	GlobalSection(ProjectConfigurationPlatforms) = postSolution
		{3C2050C0-D6D5-4BA5-B48D-95DCF6A50798}.Debug|Any CPU.ActiveCfg = Debug|Any CPU
		{3C2050C0-D6D5-4BA5-B48D-95DCF6A50798}.Debug|Any CPU.Build.0 = Debug|Any CPU
		{3C2050C0-D6D5-4BA5-B48D-95DCF6A50798}.Release|Any CPU.ActiveCfg = Release|Any CPU
		{3C2050C0-D6D5-4BA5-B48D-95DCF6A50798}.Release|Any CPU.Build.0 = Release|Any CPU
	EndGlobalSection
	GlobalSection(SolutionProperties) = preSolution
		HideSolutionNode = FALSE
	EndGlobalSection
	GlobalSection(ExtensibilityGlobals) = postSolution
		SolutionGuid = {E373919C-4820-4E0C-9537-699613DE4E56}
	EndGlobalSection
EndGlobal
